// !$*UTF8*$!
{
	archiveVersion = 1;
	classes = {
	};
	objectVersion = 55;
	objects = {

/* Begin PBXBuildFile section */
		3283E00A28C9A9AD00A0306A /* LearningApp.swift in Sources */ = {isa = PBXBuildFile; fileRef = 3283E00928C9A9AD00A0306A /* LearningApp.swift */; };
		3283E00C28C9A9AD00A0306A /* HomeView.swift in Sources */ = {isa = PBXBuildFile; fileRef = 3283E00B28C9A9AD00A0306A /* HomeView.swift */; };
		3283E00E28C9A9AE00A0306A /* Assets.xcassets in Resources */ = {isa = PBXBuildFile; fileRef = 3283E00D28C9A9AE00A0306A /* Assets.xcassets */; };
		3283E01128C9A9AE00A0306A /* Preview Assets.xcassets in Resources */ = {isa = PBXBuildFile; fileRef = 3283E01028C9A9AE00A0306A /* Preview Assets.xcassets */; };
		3283E01B28C9A9AF00A0306A /* Learning_AppTests.swift in Sources */ = {isa = PBXBuildFile; fileRef = 3283E01A28C9A9AF00A0306A /* Learning_AppTests.swift */; };
		3283E02528C9A9AF00A0306A /* Learning_AppUITests.swift in Sources */ = {isa = PBXBuildFile; fileRef = 3283E02428C9A9AF00A0306A /* Learning_AppUITests.swift */; };
		3283E02728C9A9AF00A0306A /* Learning_AppUITestsLaunchTests.swift in Sources */ = {isa = PBXBuildFile; fileRef = 3283E02628C9A9AF00A0306A /* Learning_AppUITestsLaunchTests.swift */; };
		3283E03928C9AAC800A0306A /* ContentModel.swift in Sources */ = {isa = PBXBuildFile; fileRef = 3283E03828C9AAC800A0306A /* ContentModel.swift */; };
		3283E03C28C9B32900A0306A /* data.json in Resources */ = {isa = PBXBuildFile; fileRef = 3283E03A28C9B32900A0306A /* data.json */; };
		3283E03D28C9B32900A0306A /* style.html in Resources */ = {isa = PBXBuildFile; fileRef = 3283E03B28C9B32900A0306A /* style.html */; };
		3283E03F28C9B59400A0306A /* Models.swift in Sources */ = {isa = PBXBuildFile; fileRef = 3283E03E28C9B59400A0306A /* Models.swift */; };
		3283E04128CB076800A0306A /* HomeViewRow.swift in Sources */ = {isa = PBXBuildFile; fileRef = 3283E04028CB076800A0306A /* HomeViewRow.swift */; };
		3283E04328CDD04700A0306A /* ContentView.swift in Sources */ = {isa = PBXBuildFile; fileRef = 3283E04228CDD04700A0306A /* ContentView.swift */; };
		3283E04528CDDDFA00A0306A /* ContentViewRow.swift in Sources */ = {isa = PBXBuildFile; fileRef = 3283E04428CDDDFA00A0306A /* ContentViewRow.swift */; };
/* End PBXBuildFile section */

/* Begin PBXContainerItemProxy section */
		3283E01728C9A9AF00A0306A /* PBXContainerItemProxy */ = {
			isa = PBXContainerItemProxy;
			containerPortal = 3283DFFE28C9A9AD00A0306A /* Project object */;
			proxyType = 1;
			remoteGlobalIDString = 3283E00528C9A9AD00A0306A;
			remoteInfo = "Learning App";
		};
		3283E02128C9A9AF00A0306A /* PBXContainerItemProxy */ = {
			isa = PBXContainerItemProxy;
			containerPortal = 3283DFFE28C9A9AD00A0306A /* Project object */;
			proxyType = 1;
			remoteGlobalIDString = 3283E00528C9A9AD00A0306A;
			remoteInfo = "Learning App";
		};
/* End PBXContainerItemProxy section */

/* Begin PBXFileReference section */
		3283E00628C9A9AD00A0306A /* Learning App.app */ = {isa = PBXFileReference; explicitFileType = wrapper.application; includeInIndex = 0; path = "Learning App.app"; sourceTree = BUILT_PRODUCTS_DIR; };
		3283E00928C9A9AD00A0306A /* LearningApp.swift */ = {isa = PBXFileReference; lastKnownFileType = sourcecode.swift; path = LearningApp.swift; sourceTree = "<group>"; };
		3283E00B28C9A9AD00A0306A /* HomeView.swift */ = {isa = PBXFileReference; lastKnownFileType = sourcecode.swift; path = HomeView.swift; sourceTree = "<group>"; };
		3283E00D28C9A9AE00A0306A /* Assets.xcassets */ = {isa = PBXFileReference; lastKnownFileType = folder.assetcatalog; path = Assets.xcassets; sourceTree = "<group>"; };
		3283E01028C9A9AE00A0306A /* Preview Assets.xcassets */ = {isa = PBXFileReference; lastKnownFileType = folder.assetcatalog; path = "Preview Assets.xcassets"; sourceTree = "<group>"; };
		3283E01628C9A9AF00A0306A /* Learning AppTests.xctest */ = {isa = PBXFileReference; explicitFileType = wrapper.cfbundle; includeInIndex = 0; path = "Learning AppTests.xctest"; sourceTree = BUILT_PRODUCTS_DIR; };
		3283E01A28C9A9AF00A0306A /* Learning_AppTests.swift */ = {isa = PBXFileReference; lastKnownFileType = sourcecode.swift; path = Learning_AppTests.swift; sourceTree = "<group>"; };
		3283E02028C9A9AF00A0306A /* Learning AppUITests.xctest */ = {isa = PBXFileReference; explicitFileType = wrapper.cfbundle; includeInIndex = 0; path = "Learning AppUITests.xctest"; sourceTree = BUILT_PRODUCTS_DIR; };
		3283E02428C9A9AF00A0306A /* Learning_AppUITests.swift */ = {isa = PBXFileReference; lastKnownFileType = sourcecode.swift; path = Learning_AppUITests.swift; sourceTree = "<group>"; };
		3283E02628C9A9AF00A0306A /* Learning_AppUITestsLaunchTests.swift */ = {isa = PBXFileReference; lastKnownFileType = sourcecode.swift; path = Learning_AppUITestsLaunchTests.swift; sourceTree = "<group>"; };
		3283E03828C9AAC800A0306A /* ContentModel.swift */ = {isa = PBXFileReference; lastKnownFileType = sourcecode.swift; path = ContentModel.swift; sourceTree = "<group>"; };
		3283E03A28C9B32900A0306A /* data.json */ = {isa = PBXFileReference; fileEncoding = 4; lastKnownFileType = text.json; path = data.json; sourceTree = "<group>"; };
		3283E03B28C9B32900A0306A /* style.html */ = {isa = PBXFileReference; fileEncoding = 4; lastKnownFileType = text.html; path = style.html; sourceTree = "<group>"; };
		3283E03E28C9B59400A0306A /* Models.swift */ = {isa = PBXFileReference; lastKnownFileType = sourcecode.swift; path = Models.swift; sourceTree = "<group>"; };
		3283E04028CB076800A0306A /* HomeViewRow.swift */ = {isa = PBXFileReference; lastKnownFileType = sourcecode.swift; path = HomeViewRow.swift; sourceTree = "<group>"; };
		3283E04228CDD04700A0306A /* ContentView.swift */ = {isa = PBXFileReference; lastKnownFileType = sourcecode.swift; path = ContentView.swift; sourceTree = "<group>"; };
		3283E04428CDDDFA00A0306A /* ContentViewRow.swift */ = {isa = PBXFileReference; lastKnownFileType = sourcecode.swift; path = ContentViewRow.swift; sourceTree = "<group>"; };
/* End PBXFileReference section */

/* Begin PBXFrameworksBuildPhase section */
		3283E00328C9A9AD00A0306A /* Frameworks */ = {
			isa = PBXFrameworksBuildPhase;
			buildActionMask = 2147483647;
			files = (
			);
			runOnlyForDeploymentPostprocessing = 0;
		};
		3283E01328C9A9AF00A0306A /* Frameworks */ = {
			isa = PBXFrameworksBuildPhase;
			buildActionMask = 2147483647;
			files = (
			);
			runOnlyForDeploymentPostprocessing = 0;
		};
		3283E01D28C9A9AF00A0306A /* Frameworks */ = {
			isa = PBXFrameworksBuildPhase;
			buildActionMask = 2147483647;
			files = (
			);
			runOnlyForDeploymentPostprocessing = 0;
		};
/* End PBXFrameworksBuildPhase section */

/* Begin PBXGroup section */
		3283DFFD28C9A9AD00A0306A = {
			isa = PBXGroup;
			children = (
				3283E00828C9A9AD00A0306A /* Learning App */,
				3283E01928C9A9AF00A0306A /* Learning AppTests */,
				3283E02328C9A9AF00A0306A /* Learning AppUITests */,
				3283E00728C9A9AD00A0306A /* Products */,
			);
			sourceTree = "<group>";
		};
		3283E00728C9A9AD00A0306A /* Products */ = {
			isa = PBXGroup;
			children = (
				3283E00628C9A9AD00A0306A /* Learning App.app */,
				3283E01628C9A9AF00A0306A /* Learning AppTests.xctest */,
				3283E02028C9A9AF00A0306A /* Learning AppUITests.xctest */,
			);
			name = Products;
			sourceTree = "<group>";
		};
		3283E00828C9A9AD00A0306A /* Learning App */ = {
			isa = PBXGroup;
			children = (
				3283E00928C9A9AD00A0306A /* LearningApp.swift */,
				3283E03328C9AA1500A0306A /* View */,
				3283E03428C9AA6500A0306A /* ViewModel */,
				3283E03528C9AA7100A0306A /* Model */,
				3283E03628C9AA7900A0306A /* Resources */,
				3283E03728C9AA8200A0306A /* Helpers */,
				3283E00D28C9A9AE00A0306A /* Assets.xcassets */,
				3283E00F28C9A9AE00A0306A /* Preview Content */,
			);
			path = "Learning App";
			sourceTree = "<group>";
		};
		3283E00F28C9A9AE00A0306A /* Preview Content */ = {
			isa = PBXGroup;
			children = (
				3283E01028C9A9AE00A0306A /* Preview Assets.xcassets */,
			);
			path = "Preview Content";
			sourceTree = "<group>";
		};
		3283E01928C9A9AF00A0306A /* Learning AppTests */ = {
			isa = PBXGroup;
			children = (
				3283E01A28C9A9AF00A0306A /* Learning_AppTests.swift */,
			);
			path = "Learning AppTests";
			sourceTree = "<group>";
		};
		3283E02328C9A9AF00A0306A /* Learning AppUITests */ = {
			isa = PBXGroup;
			children = (
				3283E02428C9A9AF00A0306A /* Learning_AppUITests.swift */,
				3283E02628C9A9AF00A0306A /* Learning_AppUITestsLaunchTests.swift */,
			);
			path = "Learning AppUITests";
			sourceTree = "<group>";
		};
		3283E03328C9AA1500A0306A /* View */ = {
			isa = PBXGroup;
			children = (
				3283E00B28C9A9AD00A0306A /* HomeView.swift */,
				3283E04028CB076800A0306A /* HomeViewRow.swift */,
				3283E04228CDD04700A0306A /* ContentView.swift */,
				3283E04428CDDDFA00A0306A /* ContentViewRow.swift */,
			);
			path = View;
			sourceTree = "<group>";
		};
		3283E03428C9AA6500A0306A /* ViewModel */ = {
			isa = PBXGroup;
			children = (
				3283E03828C9AAC800A0306A /* ContentModel.swift */,
			);
			path = ViewModel;
			sourceTree = "<group>";
		};
		3283E03528C9AA7100A0306A /* Model */ = {
			isa = PBXGroup;
			children = (
				3283E03E28C9B59400A0306A /* Models.swift */,
			);
			path = Model;
			sourceTree = "<group>";
		};
		3283E03628C9AA7900A0306A /* Resources */ = {
			isa = PBXGroup;
			children = (
				3283E03A28C9B32900A0306A /* data.json */,
				3283E03B28C9B32900A0306A /* style.html */,
			);
			path = Resources;
			sourceTree = "<group>";
		};
		3283E03728C9AA8200A0306A /* Helpers */ = {
			isa = PBXGroup;
			children = (
			);
			path = Helpers;
			sourceTree = "<group>";
		};
/* End PBXGroup section */

/* Begin PBXNativeTarget section */
		3283E00528C9A9AD00A0306A /* Learning App */ = {
			isa = PBXNativeTarget;
			buildConfigurationList = 3283E02A28C9A9AF00A0306A /* Build configuration list for PBXNativeTarget "Learning App" */;
			buildPhases = (
				3283E00228C9A9AD00A0306A /* Sources */,
				3283E00328C9A9AD00A0306A /* Frameworks */,
				3283E00428C9A9AD00A0306A /* Resources */,
			);
			buildRules = (
			);
			dependencies = (
			);
			name = "Learning App";
			productName = "Learning App";
			productReference = 3283E00628C9A9AD00A0306A /* Learning App.app */;
			productType = "com.apple.product-type.application";
		};
		3283E01528C9A9AF00A0306A /* Learning AppTests */ = {
			isa = PBXNativeTarget;
			buildConfigurationList = 3283E02D28C9A9AF00A0306A /* Build configuration list for PBXNativeTarget "Learning AppTests" */;
			buildPhases = (
				3283E01228C9A9AF00A0306A /* Sources */,
				3283E01328C9A9AF00A0306A /* Frameworks */,
				3283E01428C9A9AF00A0306A /* Resources */,
			);
			buildRules = (
			);
			dependencies = (
				3283E01828C9A9AF00A0306A /* PBXTargetDependency */,
			);
			name = "Learning AppTests";
			productName = "Learning AppTests";
			productReference = 3283E01628C9A9AF00A0306A /* Learning AppTests.xctest */;
			productType = "com.apple.product-type.bundle.unit-test";
		};
		3283E01F28C9A9AF00A0306A /* Learning AppUITests */ = {
			isa = PBXNativeTarget;
			buildConfigurationList = 3283E03028C9A9AF00A0306A /* Build configuration list for PBXNativeTarget "Learning AppUITests" */;
			buildPhases = (
				3283E01C28C9A9AF00A0306A /* Sources */,
				3283E01D28C9A9AF00A0306A /* Frameworks */,
				3283E01E28C9A9AF00A0306A /* Resources */,
			);
			buildRules = (
			);
			dependencies = (
				3283E02228C9A9AF00A0306A /* PBXTargetDependency */,
			);
			name = "Learning AppUITests";
			productName = "Learning AppUITests";
			productReference = 3283E02028C9A9AF00A0306A /* Learning AppUITests.xctest */;
			productType = "com.apple.product-type.bundle.ui-testing";
		};
/* End PBXNativeTarget section */

/* Begin PBXProject section */
		3283DFFE28C9A9AD00A0306A /* Project object */ = {
			isa = PBXProject;
			attributes = {
				BuildIndependentTargetsInParallel = 1;
				LastSwiftUpdateCheck = 1340;
				LastUpgradeCheck = 1340;
				TargetAttributes = {
					3283E00528C9A9AD00A0306A = {
						CreatedOnToolsVersion = 13.4.1;
					};
					3283E01528C9A9AF00A0306A = {
						CreatedOnToolsVersion = 13.4.1;
						TestTargetID = 3283E00528C9A9AD00A0306A;
					};
					3283E01F28C9A9AF00A0306A = {
						CreatedOnToolsVersion = 13.4.1;
						TestTargetID = 3283E00528C9A9AD00A0306A;
					};
				};
			};
			buildConfigurationList = 3283E00128C9A9AD00A0306A /* Build configuration list for PBXProject "Learning App" */;
			compatibilityVersion = "Xcode 13.0";
			developmentRegion = en;
			hasScannedForEncodings = 0;
			knownRegions = (
				en,
				Base,
			);
			mainGroup = 3283DFFD28C9A9AD00A0306A;
			productRefGroup = 3283E00728C9A9AD00A0306A /* Products */;
			projectDirPath = "";
			projectRoot = "";
			targets = (
				3283E00528C9A9AD00A0306A /* Learning App */,
				3283E01528C9A9AF00A0306A /* Learning AppTests */,
				3283E01F28C9A9AF00A0306A /* Learning AppUITests */,
			);
		};
/* End PBXProject section */

/* Begin PBXResourcesBuildPhase section */
		3283E00428C9A9AD00A0306A /* Resources */ = {
			isa = PBXResourcesBuildPhase;
			buildActionMask = 2147483647;
			files = (
				3283E01128C9A9AE00A0306A /* Preview Assets.xcassets in Resources */,
				3283E03C28C9B32900A0306A /* data.json in Resources */,
				3283E03D28C9B32900A0306A /* style.html in Resources */,
				3283E00E28C9A9AE00A0306A /* Assets.xcassets in Resources */,
			);
			runOnlyForDeploymentPostprocessing = 0;
		};
		3283E01428C9A9AF00A0306A /* Resources */ = {
			isa = PBXResourcesBuildPhase;
			buildActionMask = 2147483647;
			files = (
			);
			runOnlyForDeploymentPostprocessing = 0;
		};
		3283E01E28C9A9AF00A0306A /* Resources */ = {
			isa = PBXResourcesBuildPhase;
			buildActionMask = 2147483647;
			files = (
			);
			runOnlyForDeploymentPostprocessing = 0;
		};
/* End PBXResourcesBuildPhase section */

/* Begin PBXSourcesBuildPhase section */
		3283E00228C9A9AD00A0306A /* Sources */ = {
			isa = PBXSourcesBuildPhase;
			buildActionMask = 2147483647;
			files = (
				3283E00C28C9A9AD00A0306A /* HomeView.swift in Sources */,
				3283E04128CB076800A0306A /* HomeViewRow.swift in Sources */,
				3283E04328CDD04700A0306A /* ContentView.swift in Sources */,
				3283E00A28C9A9AD00A0306A /* LearningApp.swift in Sources */,
				3283E04528CDDDFA00A0306A /* ContentViewRow.swift in Sources */,
				3283E03928C9AAC800A0306A /* ContentModel.swift in Sources */,
				3283E03F28C9B59400A0306A /* Models.swift in Sources */,
			);
			runOnlyForDeploymentPostprocessing = 0;
		};
		3283E01228C9A9AF00A0306A /* Sources */ = {
			isa = PBXSourcesBuildPhase;
			buildActionMask = 2147483647;
			files = (
				3283E01B28C9A9AF00A0306A /* Learning_AppTests.swift in Sources */,
			);
			runOnlyForDeploymentPostprocessing = 0;
		};
		3283E01C28C9A9AF00A0306A /* Sources */ = {
			isa = PBXSourcesBuildPhase;
			buildActionMask = 2147483647;
			files = (
				3283E02728C9A9AF00A0306A /* Learning_AppUITestsLaunchTests.swift in Sources */,
				3283E02528C9A9AF00A0306A /* Learning_AppUITests.swift in Sources */,
			);
			runOnlyForDeploymentPostprocessing = 0;
		};
/* End PBXSourcesBuildPhase section */

/* Begin PBXTargetDependency section */
		3283E01828C9A9AF00A0306A /* PBXTargetDependency */ = {
			isa = PBXTargetDependency;
			target = 3283E00528C9A9AD00A0306A /* Learning App */;
			targetProxy = 3283E01728C9A9AF00A0306A /* PBXContainerItemProxy */;
		};
		3283E02228C9A9AF00A0306A /* PBXTargetDependency */ = {
			isa = PBXTargetDependency;
			target = 3283E00528C9A9AD00A0306A /* Learning App */;
			targetProxy = 3283E02128C9A9AF00A0306A /* PBXContainerItemProxy */;
		};
/* End PBXTargetDependency section */

/* Begin XCBuildConfiguration section */
		3283E02828C9A9AF00A0306A /* Debug */ = {
			isa = XCBuildConfiguration;
			buildSettings = {
				ALWAYS_SEARCH_USER_PATHS = NO;
				CLANG_ANALYZER_NONNULL = YES;
				CLANG_ANALYZER_NUMBER_OBJECT_CONVERSION = YES_AGGRESSIVE;
				CLANG_CXX_LANGUAGE_STANDARD = "gnu++17";
				CLANG_ENABLE_MODULES = YES;
				CLANG_ENABLE_OBJC_ARC = YES;
				CLANG_ENABLE_OBJC_WEAK = YES;
				CLANG_WARN_BLOCK_CAPTURE_AUTORELEASING = YES;
				CLANG_WARN_BOOL_CONVERSION = YES;
				CLANG_WARN_COMMA = YES;
				CLANG_WARN_CONSTANT_CONVERSION = YES;
				CLANG_WARN_DEPRECATED_OBJC_IMPLEMENTATIONS = YES;
				CLANG_WARN_DIRECT_OBJC_ISA_USAGE = YES_ERROR;
				CLANG_WARN_DOCUMENTATION_COMMENTS = YES;
				CLANG_WARN_EMPTY_BODY = YES;
				CLANG_WARN_ENUM_CONVERSION = YES;
				CLANG_WARN_INFINITE_RECURSION = YES;
				CLANG_WARN_INT_CONVERSION = YES;
				CLANG_WARN_NON_LITERAL_NULL_CONVERSION = YES;
				CLANG_WARN_OBJC_IMPLICIT_RETAIN_SELF = YES;
				CLANG_WARN_OBJC_LITERAL_CONVERSION = YES;
				CLANG_WARN_OBJC_ROOT_CLASS = YES_ERROR;
				CLANG_WARN_QUOTED_INCLUDE_IN_FRAMEWORK_HEADER = YES;
				CLANG_WARN_RANGE_LOOP_ANALYSIS = YES;
				CLANG_WARN_STRICT_PROTOTYPES = YES;
				CLANG_WARN_SUSPICIOUS_MOVE = YES;
				CLANG_WARN_UNGUARDED_AVAILABILITY = YES_AGGRESSIVE;
				CLANG_WARN_UNREACHABLE_CODE = YES;
				CLANG_WARN__DUPLICATE_METHOD_MATCH = YES;
				COPY_PHASE_STRIP = NO;
				DEBUG_INFORMATION_FORMAT = dwarf;
				ENABLE_STRICT_OBJC_MSGSEND = YES;
				ENABLE_TESTABILITY = YES;
				GCC_C_LANGUAGE_STANDARD = gnu11;
				GCC_DYNAMIC_NO_PIC = NO;
				GCC_NO_COMMON_BLOCKS = YES;
				GCC_OPTIMIZATION_LEVEL = 0;
				GCC_PREPROCESSOR_DEFINITIONS = (
					"DEBUG=1",
					"$(inherited)",
				);
				GCC_WARN_64_TO_32_BIT_CONVERSION = YES;
				GCC_WARN_ABOUT_RETURN_TYPE = YES_ERROR;
				GCC_WARN_UNDECLARED_SELECTOR = YES;
				GCC_WARN_UNINITIALIZED_AUTOS = YES_AGGRESSIVE;
				GCC_WARN_UNUSED_FUNCTION = YES;
				GCC_WARN_UNUSED_VARIABLE = YES;
				IPHONEOS_DEPLOYMENT_TARGET = 15.5;
				MTL_ENABLE_DEBUG_INFO = INCLUDE_SOURCE;
				MTL_FAST_MATH = YES;
				ONLY_ACTIVE_ARCH = YES;
				SDKROOT = iphoneos;
				SWIFT_ACTIVE_COMPILATION_CONDITIONS = DEBUG;
				SWIFT_OPTIMIZATION_LEVEL = "-Onone";
			};
			name = Debug;
		};
		3283E02928C9A9AF00A0306A /* Release */ = {
			isa = XCBuildConfiguration;
			buildSettings = {
				ALWAYS_SEARCH_USER_PATHS = NO;
				CLANG_ANALYZER_NONNULL = YES;
				CLANG_ANALYZER_NUMBER_OBJECT_CONVERSION = YES_AGGRESSIVE;
				CLANG_CXX_LANGUAGE_STANDARD = "gnu++17";
				CLANG_ENABLE_MODULES = YES;
				CLANG_ENABLE_OBJC_ARC = YES;
				CLANG_ENABLE_OBJC_WEAK = YES;
				CLANG_WARN_BLOCK_CAPTURE_AUTORELEASING = YES;
				CLANG_WARN_BOOL_CONVERSION = YES;
				CLANG_WARN_COMMA = YES;
				CLANG_WARN_CONSTANT_CONVERSION = YES;
				CLANG_WARN_DEPRECATED_OBJC_IMPLEMENTATIONS = YES;
				CLANG_WARN_DIRECT_OBJC_ISA_USAGE = YES_ERROR;
				CLANG_WARN_DOCUMENTATION_COMMENTS = YES;
				CLANG_WARN_EMPTY_BODY = YES;
				CLANG_WARN_ENUM_CONVERSION = YES;
				CLANG_WARN_INFINITE_RECURSION = YES;
				CLANG_WARN_INT_CONVERSION = YES;
				CLANG_WARN_NON_LITERAL_NULL_CONVERSION = YES;
				CLANG_WARN_OBJC_IMPLICIT_RETAIN_SELF = YES;
				CLANG_WARN_OBJC_LITERAL_CONVERSION = YES;
				CLANG_WARN_OBJC_ROOT_CLASS = YES_ERROR;
				CLANG_WARN_QUOTED_INCLUDE_IN_FRAMEWORK_HEADER = YES;
				CLANG_WARN_RANGE_LOOP_ANALYSIS = YES;
				CLANG_WARN_STRICT_PROTOTYPES = YES;
				CLANG_WARN_SUSPICIOUS_MOVE = YES;
				CLANG_WARN_UNGUARDED_AVAILABILITY = YES_AGGRESSIVE;
				CLANG_WARN_UNREACHABLE_CODE = YES;
				CLANG_WARN__DUPLICATE_METHOD_MATCH = YES;
				COPY_PHASE_STRIP = NO;
				DEBUG_INFORMATION_FORMAT = "dwarf-with-dsym";
				ENABLE_NS_ASSERTIONS = NO;
				ENABLE_STRICT_OBJC_MSGSEND = YES;
				GCC_C_LANGUAGE_STANDARD = gnu11;
				GCC_NO_COMMON_BLOCKS = YES;
				GCC_WARN_64_TO_32_BIT_CONVERSION = YES;
				GCC_WARN_ABOUT_RETURN_TYPE = YES_ERROR;
				GCC_WARN_UNDECLARED_SELECTOR = YES;
				GCC_WARN_UNINITIALIZED_AUTOS = YES_AGGRESSIVE;
				GCC_WARN_UNUSED_FUNCTION = YES;
				GCC_WARN_UNUSED_VARIABLE = YES;
				IPHONEOS_DEPLOYMENT_TARGET = 15.5;
				MTL_ENABLE_DEBUG_INFO = NO;
				MTL_FAST_MATH = YES;
				SDKROOT = iphoneos;
				SWIFT_COMPILATION_MODE = wholemodule;
				SWIFT_OPTIMIZATION_LEVEL = "-O";
				VALIDATE_PRODUCT = YES;
			};
			name = Release;
		};
		3283E02B28C9A9AF00A0306A /* Debug */ = {
			isa = XCBuildConfiguration;
			buildSettings = {
				ASSETCATALOG_COMPILER_APPICON_NAME = AppIcon;
				ASSETCATALOG_COMPILER_GLOBAL_ACCENT_COLOR_NAME = AccentColor;
				CODE_SIGN_STYLE = Automatic;
				CURRENT_PROJECT_VERSION = 1;
				DEVELOPMENT_ASSET_PATHS = "\"Learning App/Preview Content\"";
				DEVELOPMENT_TEAM = 7S5KXF68WA;
				ENABLE_PREVIEWS = YES;
				GENERATE_INFOPLIST_FILE = YES;
				INFOPLIST_KEY_UIApplicationSceneManifest_Generation = YES;
				INFOPLIST_KEY_UIApplicationSupportsIndirectInputEvents = YES;
				INFOPLIST_KEY_UILaunchScreen_Generation = YES;
				INFOPLIST_KEY_UISupportedInterfaceOrientations_iPad = "UIInterfaceOrientationPortrait UIInterfaceOrientationPortraitUpsideDown UIInterfaceOrientationLandscapeLeft UIInterfaceOrientationLandscapeRight";
				INFOPLIST_KEY_UISupportedInterfaceOrientations_iPhone = "UIInterfaceOrientationPortrait UIInterfaceOrientationLandscapeLeft UIInterfaceOrientationLandscapeRight";
				LD_RUNPATH_SEARCH_PATHS = (
					"$(inherited)",
					"@executable_path/Frameworks",
				);
				MARKETING_VERSION = 1.0;
				PRODUCT_BUNDLE_IDENTIFIER = "Arthur.Sh.Learning-App";
				PRODUCT_NAME = "$(TARGET_NAME)";
				SWIFT_EMIT_LOC_STRINGS = YES;
				SWIFT_VERSION = 5.0;
				TARGETED_DEVICE_FAMILY = "1,2";
			};
			name = Debug;
		};
		3283E02C28C9A9AF00A0306A /* Release */ = {
			isa = XCBuildConfiguration;
			buildSettings = {
				ASSETCATALOG_COMPILER_APPICON_NAME = AppIcon;
				ASSETCATALOG_COMPILER_GLOBAL_ACCENT_COLOR_NAME = AccentColor;
				CODE_SIGN_STYLE = Automatic;
				CURRENT_PROJECT_VERSION = 1;
				DEVELOPMENT_ASSET_PATHS = "\"Learning App/Preview Content\"";
				DEVELOPMENT_TEAM = 7S5KXF68WA;
				ENABLE_PREVIEWS = YES;
				GENERATE_INFOPLIST_FILE = YES;
				INFOPLIST_KEY_UIApplicationSceneManifest_Generation = YES;
				INFOPLIST_KEY_UIApplicationSupportsIndirectInputEvents = YES;
				INFOPLIST_KEY_UILaunchScreen_Generation = YES;
				INFOPLIST_KEY_UISupportedInterfaceOrientations_iPad = "UIInterfaceOrientationPortrait UIInterfaceOrientationPortraitUpsideDown UIInterfaceOrientationLandscapeLeft UIInterfaceOrientationLandscapeRight";
				INFOPLIST_KEY_UISupportedInterfaceOrientations_iPhone = "UIInterfaceOrientationPortrait UIInterfaceOrientationLandscapeLeft UIInterfaceOrientationLandscapeRight";
				LD_RUNPATH_SEARCH_PATHS = (
					"$(inherited)",
					"@executable_path/Frameworks",
				);
				MARKETING_VERSION = 1.0;
				PRODUCT_BUNDLE_IDENTIFIER = "Arthur.Sh.Learning-App";
				PRODUCT_NAME = "$(TARGET_NAME)";
				SWIFT_EMIT_LOC_STRINGS = YES;
				SWIFT_VERSION = 5.0;
				TARGETED_DEVICE_FAMILY = "1,2";
			};
			name = Release;
		};
		3283E02E28C9A9AF00A0306A /* Debug */ = {
			isa = XCBuildConfiguration;
			buildSettings = {
				ALWAYS_EMBED_SWIFT_STANDARD_LIBRARIES = YES;
				BUNDLE_LOADER = "$(TEST_HOST)";
				CODE_SIGN_STYLE = Automatic;
				CURRENT_PROJECT_VERSION = 1;
				DEVELOPMENT_TEAM = 7S5KXF68WA;
				GENERATE_INFOPLIST_FILE = YES;
				IPHONEOS_DEPLOYMENT_TARGET = 15.5;
				MARKETING_VERSION = 1.0;
				PRODUCT_BUNDLE_IDENTIFIER = "Arthur.Sh.Learning-AppTests";
				PRODUCT_NAME = "$(TARGET_NAME)";
				SWIFT_EMIT_LOC_STRINGS = NO;
				SWIFT_VERSION = 5.0;
				TARGETED_DEVICE_FAMILY = "1,2";
				TEST_HOST = "$(BUILT_PRODUCTS_DIR)/Learning App.app/Learning App";
			};
			name = Debug;
		};
		3283E02F28C9A9AF00A0306A /* Release */ = {
			isa = XCBuildConfiguration;
			buildSettings = {
				ALWAYS_EMBED_SWIFT_STANDARD_LIBRARIES = YES;
				BUNDLE_LOADER = "$(TEST_HOST)";
				CODE_SIGN_STYLE = Automatic;
				CURRENT_PROJECT_VERSION = 1;
				DEVELOPMENT_TEAM = 7S5KXF68WA;
				GENERATE_INFOPLIST_FILE = YES;
				IPHONEOS_DEPLOYMENT_TARGET = 15.5;
				MARKETING_VERSION = 1.0;
				PRODUCT_BUNDLE_IDENTIFIER = "Arthur.Sh.Learning-AppTests";
				PRODUCT_NAME = "$(TARGET_NAME)";
				SWIFT_EMIT_LOC_STRINGS = NO;
				SWIFT_VERSION = 5.0;
				TARGETED_DEVICE_FAMILY = "1,2";
				TEST_HOST = "$(BUILT_PRODUCTS_DIR)/Learning App.app/Learning App";
			};
			name = Release;
		};
		3283E03128C9A9AF00A0306A /* Debug */ = {
			isa = XCBuildConfiguration;
			buildSettings = {
				ALWAYS_EMBED_SWIFT_STANDARD_LIBRARIES = YES;
				CODE_SIGN_STYLE = Automatic;
				CURRENT_PROJECT_VERSION = 1;
				DEVELOPMENT_TEAM = 7S5KXF68WA;
				GENERATE_INFOPLIST_FILE = YES;
				MARKETING_VERSION = 1.0;
				PRODUCT_BUNDLE_IDENTIFIER = "Arthur.Sh.Learning-AppUITests";
				PRODUCT_NAME = "$(TARGET_NAME)";
				SWIFT_EMIT_LOC_STRINGS = NO;
				SWIFT_VERSION = 5.0;
				TARGETED_DEVICE_FAMILY = "1,2";
				TEST_TARGET_NAME = "Learning App";
			};
			name = Debug;
		};
		3283E03228C9A9AF00A0306A /* Release */ = {
			isa = XCBuildConfiguration;
			buildSettings = {
				ALWAYS_EMBED_SWIFT_STANDARD_LIBRARIES = YES;
				CODE_SIGN_STYLE = Automatic;
				CURRENT_PROJECT_VERSION = 1;
				DEVELOPMENT_TEAM = 7S5KXF68WA;
				GENERATE_INFOPLIST_FILE = YES;
				MARKETING_VERSION = 1.0;
				PRODUCT_BUNDLE_IDENTIFIER = "Arthur.Sh.Learning-AppUITests";
				PRODUCT_NAME = "$(TARGET_NAME)";
				SWIFT_EMIT_LOC_STRINGS = NO;
				SWIFT_VERSION = 5.0;
				TARGETED_DEVICE_FAMILY = "1,2";
				TEST_TARGET_NAME = "Learning App";
			};
			name = Release;
		};
/* End XCBuildConfiguration section */

/* Begin XCConfigurationList section */
		3283E00128C9A9AD00A0306A /* Build configuration list for PBXProject "Learning App" */ = {
			isa = XCConfigurationList;
			buildConfigurations = (
				3283E02828C9A9AF00A0306A /* Debug */,
				3283E02928C9A9AF00A0306A /* Release */,
			);
			defaultConfigurationIsVisible = 0;
			defaultConfigurationName = Release;
		};
		3283E02A28C9A9AF00A0306A /* Build configuration list for PBXNativeTarget "Learning App" */ = {
			isa = XCConfigurationList;
			buildConfigurations = (
				3283E02B28C9A9AF00A0306A /* Debug */,
				3283E02C28C9A9AF00A0306A /* Release */,
			);
			defaultConfigurationIsVisible = 0;
			defaultConfigurationName = Release;
		};
		3283E02D28C9A9AF00A0306A /* Build configuration list for PBXNativeTarget "Learning AppTests" */ = {
			isa = XCConfigurationList;
			buildConfigurations = (
				3283E02E28C9A9AF00A0306A /* Debug */,
				3283E02F28C9A9AF00A0306A /* Release */,
			);
			defaultConfigurationIsVisible = 0;
			defaultConfigurationName = Release;
		};
		3283E03028C9A9AF00A0306A /* Build configuration list for PBXNativeTarget "Learning AppUITests" */ = {
			isa = XCConfigurationList;
			buildConfigurations = (
				3283E03128C9A9AF00A0306A /* Debug */,
				3283E03228C9A9AF00A0306A /* Release */,
			);
			defaultConfigurationIsVisible = 0;
			defaultConfigurationName = Release;
		};
/* End XCConfigurationList section */
	};
	rootObject = 3283DFFE28C9A9AD00A0306A /* Project object */;
}
